// !$*UTF8*$!
{
	archiveVersion = 1;
	classes = {
	};
	objectVersion = 50;
	objects = {

/* Begin PBXBuildFile section */
		A9883DC82A9E9F1800D6F316 /* budget_app_pracApp.swift in Sources */ = {isa = PBXBuildFile; fileRef = A9883DC72A9E9F1800D6F316 /* budget_app_pracApp.swift */; };
		A9883DCA2A9E9F1800D6F316 /* ContentView.swift in Sources */ = {isa = PBXBuildFile; fileRef = A9883DC92A9E9F1800D6F316 /* ContentView.swift */; };
		A9883DCC2A9E9F1A00D6F316 /* Assets.xcassets in Resources */ = {isa = PBXBuildFile; fileRef = A9883DCB2A9E9F1A00D6F316 /* Assets.xcassets */; };
		A9883DCF2A9E9F1A00D6F316 /* Preview Assets.xcassets in Resources */ = {isa = PBXBuildFile; fileRef = A9883DCE2A9E9F1A00D6F316 /* Preview Assets.xcassets */; };
		A9883DDA2A9E9F1A00D6F316 /* budget_app_pracTests.swift in Sources */ = {isa = PBXBuildFile; fileRef = A9883DD92A9E9F1A00D6F316 /* budget_app_pracTests.swift */; };
		A9883DE52A9E9F1A00D6F316 /* budget_app_pracUITests.swift in Sources */ = {isa = PBXBuildFile; fileRef = A9883DE42A9E9F1A00D6F316 /* budget_app_pracUITests.swift */; };
		A98A0C632AB3A6E900DF16AB /* addTransactionView.swift in Sources */ = {isa = PBXBuildFile; fileRef = A98A0C622AB3A6E800DF16AB /* addTransactionView.swift */; };
		A98A0C652AB3A93700DF16AB /* setBudgetView.swift in Sources */ = {isa = PBXBuildFile; fileRef = A98A0C642AB3A93700DF16AB /* setBudgetView.swift */; };
		A98A0C672AB5105400DF16AB /* transactionHistoryView.swift in Sources */ = {isa = PBXBuildFile; fileRef = A98A0C662AB5105400DF16AB /* transactionHistoryView.swift */; };
/* End PBXBuildFile section */

/* Begin PBXContainerItemProxy section */
		A9883DD62A9E9F1A00D6F316 /* PBXContainerItemProxy */ = {
			isa = PBXContainerItemProxy;
			containerPortal = A9883DBC2A9E9F1800D6F316 /* Project object */;
			proxyType = 1;
			remoteGlobalIDString = A9883DC32A9E9F1800D6F316;
			remoteInfo = budget_app_prac;
		};
		A9883DE12A9E9F1A00D6F316 /* PBXContainerItemProxy */ = {
			isa = PBXContainerItemProxy;
			containerPortal = A9883DBC2A9E9F1800D6F316 /* Project object */;
			proxyType = 1;
			remoteGlobalIDString = A9883DC32A9E9F1800D6F316;
			remoteInfo = budget_app_prac;
		};
/* End PBXContainerItemProxy section */

/* Begin PBXFileReference section */
		A9883DC42A9E9F1800D6F316 /* budget_app_prac.app */ = {isa = PBXFileReference; explicitFileType = wrapper.application; includeInIndex = 0; path = budget_app_prac.app; sourceTree = BUILT_PRODUCTS_DIR; };
		A9883DC72A9E9F1800D6F316 /* budget_app_pracApp.swift */ = {isa = PBXFileReference; lastKnownFileType = sourcecode.swift; path = budget_app_pracApp.swift; sourceTree = "<group>"; };
		A9883DC92A9E9F1800D6F316 /* ContentView.swift */ = {isa = PBXFileReference; lastKnownFileType = sourcecode.swift; path = ContentView.swift; sourceTree = "<group>"; };
		A9883DCB2A9E9F1A00D6F316 /* Assets.xcassets */ = {isa = PBXFileReference; lastKnownFileType = folder.assetcatalog; path = Assets.xcassets; sourceTree = "<group>"; };
		A9883DCE2A9E9F1A00D6F316 /* Preview Assets.xcassets */ = {isa = PBXFileReference; lastKnownFileType = folder.assetcatalog; path = "Preview Assets.xcassets"; sourceTree = "<group>"; };
		A9883DD02A9E9F1A00D6F316 /* Info.plist */ = {isa = PBXFileReference; lastKnownFileType = text.plist.xml; path = Info.plist; sourceTree = "<group>"; };
		A9883DD52A9E9F1A00D6F316 /* budget_app_pracTests.xctest */ = {isa = PBXFileReference; explicitFileType = wrapper.cfbundle; includeInIndex = 0; path = budget_app_pracTests.xctest; sourceTree = BUILT_PRODUCTS_DIR; };
		A9883DD92A9E9F1A00D6F316 /* budget_app_pracTests.swift */ = {isa = PBXFileReference; lastKnownFileType = sourcecode.swift; path = budget_app_pracTests.swift; sourceTree = "<group>"; };
		A9883DDB2A9E9F1A00D6F316 /* Info.plist */ = {isa = PBXFileReference; lastKnownFileType = text.plist.xml; path = Info.plist; sourceTree = "<group>"; };
		A9883DE02A9E9F1A00D6F316 /* budget_app_pracUITests.xctest */ = {isa = PBXFileReference; explicitFileType = wrapper.cfbundle; includeInIndex = 0; path = budget_app_pracUITests.xctest; sourceTree = BUILT_PRODUCTS_DIR; };
		A9883DE42A9E9F1A00D6F316 /* budget_app_pracUITests.swift */ = {isa = PBXFileReference; lastKnownFileType = sourcecode.swift; path = budget_app_pracUITests.swift; sourceTree = "<group>"; };
		A9883DE62A9E9F1A00D6F316 /* Info.plist */ = {isa = PBXFileReference; lastKnownFileType = text.plist.xml; path = Info.plist; sourceTree = "<group>"; };
		A98A0C622AB3A6E800DF16AB /* addTransactionView.swift */ = {isa = PBXFileReference; lastKnownFileType = sourcecode.swift; path = addTransactionView.swift; sourceTree = "<group>"; };
		A98A0C642AB3A93700DF16AB /* setBudgetView.swift */ = {isa = PBXFileReference; lastKnownFileType = sourcecode.swift; path = setBudgetView.swift; sourceTree = "<group>"; };
		A98A0C662AB5105400DF16AB /* transactionHistoryView.swift */ = {isa = PBXFileReference; lastKnownFileType = sourcecode.swift; path = transactionHistoryView.swift; sourceTree = "<group>"; };
/* End PBXFileReference section */

/* Begin PBXFrameworksBuildPhase section */
		A9883DC12A9E9F1800D6F316 /* Frameworks */ = {
			isa = PBXFrameworksBuildPhase;
			buildActionMask = 2147483647;
			files = (
			);
			runOnlyForDeploymentPostprocessing = 0;
		};
		A9883DD22A9E9F1A00D6F316 /* Frameworks */ = {
			isa = PBXFrameworksBuildPhase;
			buildActionMask = 2147483647;
			files = (
			);
			runOnlyForDeploymentPostprocessing = 0;
		};
		A9883DDD2A9E9F1A00D6F316 /* Frameworks */ = {
			isa = PBXFrameworksBuildPhase;
			buildActionMask = 2147483647;
			files = (
			);
			runOnlyForDeploymentPostprocessing = 0;
		};
/* End PBXFrameworksBuildPhase section */

/* Begin PBXGroup section */
		A9883DBB2A9E9F1800D6F316 = {
			isa = PBXGroup;
			children = (
				A9883DC62A9E9F1800D6F316 /* budget_app_prac */,
				A9883DD82A9E9F1A00D6F316 /* budget_app_pracTests */,
				A9883DE32A9E9F1A00D6F316 /* budget_app_pracUITests */,
				A9883DC52A9E9F1800D6F316 /* Products */,
			);
			sourceTree = "<group>";
		};
		A9883DC52A9E9F1800D6F316 /* Products */ = {
			isa = PBXGroup;
			children = (
				A9883DC42A9E9F1800D6F316 /* budget_app_prac.app */,
				A9883DD52A9E9F1A00D6F316 /* budget_app_pracTests.xctest */,
				A9883DE02A9E9F1A00D6F316 /* budget_app_pracUITests.xctest */,
			);
			name = Products;
			sourceTree = "<group>";
		};
		A9883DC62A9E9F1800D6F316 /* budget_app_prac */ = {
			isa = PBXGroup;
			children = (
				A9883DC72A9E9F1800D6F316 /* budget_app_pracApp.swift */,
				A9883DC92A9E9F1800D6F316 /* ContentView.swift */,
				A98A0C642AB3A93700DF16AB /* setBudgetView.swift */,
				A98A0C622AB3A6E800DF16AB /* addTransactionView.swift */,
				A98A0C662AB5105400DF16AB /* transactionHistoryView.swift */,
				A9883DCB2A9E9F1A00D6F316 /* Assets.xcassets */,
				A9883DD02A9E9F1A00D6F316 /* Info.plist */,
				A9883DCD2A9E9F1A00D6F316 /* Preview Content */,
			);
			path = budget_app_prac;
			sourceTree = "<group>";
		};
		A9883DCD2A9E9F1A00D6F316 /* Preview Content */ = {
			isa = PBXGroup;
			children = (
				A9883DCE2A9E9F1A00D6F316 /* Preview Assets.xcassets */,
			);
			path = "Preview Content";
			sourceTree = "<group>";
		};
		A9883DD82A9E9F1A00D6F316 /* budget_app_pracTests */ = {
			isa = PBXGroup;
			children = (
				A9883DD92A9E9F1A00D6F316 /* budget_app_pracTests.swift */,
				A9883DDB2A9E9F1A00D6F316 /* Info.plist */,
			);
			path = budget_app_pracTests;
			sourceTree = "<group>";
		};
		A9883DE32A9E9F1A00D6F316 /* budget_app_pracUITests */ = {
			isa = PBXGroup;
			children = (
				A9883DE42A9E9F1A00D6F316 /* budget_app_pracUITests.swift */,
				A9883DE62A9E9F1A00D6F316 /* Info.plist */,
			);
			path = budget_app_pracUITests;
			sourceTree = "<group>";
		};
/* End PBXGroup section */

/* Begin PBXNativeTarget section */
		A9883DC32A9E9F1800D6F316 /* budget_app_prac */ = {
			isa = PBXNativeTarget;
			buildConfigurationList = A9883DE92A9E9F1A00D6F316 /* Build configuration list for PBXNativeTarget "budget_app_prac" */;
			buildPhases = (
				A9883DC02A9E9F1800D6F316 /* Sources */,
				A9883DC12A9E9F1800D6F316 /* Frameworks */,
				A9883DC22A9E9F1800D6F316 /* Resources */,
			);
			buildRules = (
			);
			dependencies = (
			);
			name = budget_app_prac;
			productName = budget_app_prac;
			productReference = A9883DC42A9E9F1800D6F316 /* budget_app_prac.app */;
			productType = "com.apple.product-type.application";
		};
		A9883DD42A9E9F1A00D6F316 /* budget_app_pracTests */ = {
			isa = PBXNativeTarget;
			buildConfigurationList = A9883DEC2A9E9F1A00D6F316 /* Build configuration list for PBXNativeTarget "budget_app_pracTests" */;
			buildPhases = (
				A9883DD12A9E9F1A00D6F316 /* Sources */,
				A9883DD22A9E9F1A00D6F316 /* Frameworks */,
				A9883DD32A9E9F1A00D6F316 /* Resources */,
			);
			buildRules = (
			);
			dependencies = (
				A9883DD72A9E9F1A00D6F316 /* PBXTargetDependency */,
			);
			name = budget_app_pracTests;
			productName = budget_app_pracTests;
			productReference = A9883DD52A9E9F1A00D6F316 /* budget_app_pracTests.xctest */;
			productType = "com.apple.product-type.bundle.unit-test";
		};
		A9883DDF2A9E9F1A00D6F316 /* budget_app_pracUITests */ = {
			isa = PBXNativeTarget;
			buildConfigurationList = A9883DEF2A9E9F1A00D6F316 /* Build configuration list for PBXNativeTarget "budget_app_pracUITests" */;
			buildPhases = (
				A9883DDC2A9E9F1A00D6F316 /* Sources */,
				A9883DDD2A9E9F1A00D6F316 /* Frameworks */,
				A9883DDE2A9E9F1A00D6F316 /* Resources */,
			);
			buildRules = (
			);
			dependencies = (
				A9883DE22A9E9F1A00D6F316 /* PBXTargetDependency */,
			);
			name = budget_app_pracUITests;
			productName = budget_app_pracUITests;
			productReference = A9883DE02A9E9F1A00D6F316 /* budget_app_pracUITests.xctest */;
			productType = "com.apple.product-type.bundle.ui-testing";
		};
/* End PBXNativeTarget section */

/* Begin PBXProject section */
		A9883DBC2A9E9F1800D6F316 /* Project object */ = {
			isa = PBXProject;
			attributes = {
				LastSwiftUpdateCheck = 1250;
				LastUpgradeCheck = 1250;
				TargetAttributes = {
					A9883DC32A9E9F1800D6F316 = {
						CreatedOnToolsVersion = 12.5;
					};
					A9883DD42A9E9F1A00D6F316 = {
						CreatedOnToolsVersion = 12.5;
						TestTargetID = A9883DC32A9E9F1800D6F316;
					};
					A9883DDF2A9E9F1A00D6F316 = {
						CreatedOnToolsVersion = 12.5;
						TestTargetID = A9883DC32A9E9F1800D6F316;
					};
				};
			};
			buildConfigurationList = A9883DBF2A9E9F1800D6F316 /* Build configuration list for PBXProject "budget_app_prac" */;
			compatibilityVersion = "Xcode 9.3";
			developmentRegion = en;
			hasScannedForEncodings = 0;
			knownRegions = (
				en,
				Base,
			);
			mainGroup = A9883DBB2A9E9F1800D6F316;
			productRefGroup = A9883DC52A9E9F1800D6F316 /* Products */;
			projectDirPath = "";
			projectRoot = "";
			targets = (
				A9883DC32A9E9F1800D6F316 /* budget_app_prac */,
				A9883DD42A9E9F1A00D6F316 /* budget_app_pracTests */,
				A9883DDF2A9E9F1A00D6F316 /* budget_app_pracUITests */,
			);
		};
/* End PBXProject section */

/* Begin PBXResourcesBuildPhase section */
		A9883DC22A9E9F1800D6F316 /* Resources */ = {
			isa = PBXResourcesBuildPhase;
			buildActionMask = 2147483647;
			files = (
				A9883DCF2A9E9F1A00D6F316 /* Preview Assets.xcassets in Resources */,
				A9883DCC2A9E9F1A00D6F316 /* Assets.xcassets in Resources */,
			);
			runOnlyForDeploymentPostprocessing = 0;
		};
		A9883DD32A9E9F1A00D6F316 /* Resources */ = {
			isa = PBXResourcesBuildPhase;
			buildActionMask = 2147483647;
			files = (
			);
			runOnlyForDeploymentPostprocessing = 0;
		};
		A9883DDE2A9E9F1A00D6F316 /* Resources */ = {
			isa = PBXResourcesBuildPhase;
			buildActionMask = 2147483647;
			files = (
			);
			runOnlyForDeploymentPostprocessing = 0;
		};
/* End PBXResourcesBuildPhase section */

/* Begin PBXSourcesBuildPhase section */
		A9883DC02A9E9F1800D6F316 /* Sources */ = {
			isa = PBXSourcesBuildPhase;
			buildActionMask = 2147483647;
			files = (
				A98A0C652AB3A93700DF16AB /* setBudgetView.swift in Sources */,
				A9883DCA2A9E9F1800D6F316 /* ContentView.swift in Sources */,
				A9883DC82A9E9F1800D6F316 /* budget_app_pracApp.swift in Sources */,
				A98A0C632AB3A6E900DF16AB /* addTransactionView.swift in Sources */,
				A98A0C672AB5105400DF16AB /* transactionHistoryView.swift in Sources */,
			);
			runOnlyForDeploymentPostprocessing = 0;
		};
		A9883DD12A9E9F1A00D6F316 /* Sources */ = {
			isa = PBXSourcesBuildPhase;
			buildActionMask = 2147483647;
			files = (
				A9883DDA2A9E9F1A00D6F316 /* budget_app_pracTests.swift in Sources */,
			);
			runOnlyForDeploymentPostprocessing = 0;
		};
		A9883DDC2A9E9F1A00D6F316 /* Sources */ = {
			isa = PBXSourcesBuildPhase;
			buildActionMask = 2147483647;
			files = (
				A9883DE52A9E9F1A00D6F316 /* budget_app_pracUITests.swift in Sources */,
			);
			runOnlyForDeploymentPostprocessing = 0;
		};
/* End PBXSourcesBuildPhase section */

/* Begin PBXTargetDependency section */
		A9883DD72A9E9F1A00D6F316 /* PBXTargetDependency */ = {
			isa = PBXTargetDependency;
			target = A9883DC32A9E9F1800D6F316 /* budget_app_prac */;
			targetProxy = A9883DD62A9E9F1A00D6F316 /* PBXContainerItemProxy */;
		};
		A9883DE22A9E9F1A00D6F316 /* PBXTargetDependency */ = {
			isa = PBXTargetDependency;
			target = A9883DC32A9E9F1800D6F316 /* budget_app_prac */;
			targetProxy = A9883DE12A9E9F1A00D6F316 /* PBXContainerItemProxy */;
		};
/* End PBXTargetDependency section */

/* Begin XCBuildConfiguration section */
		A9883DE72A9E9F1A00D6F316 /* Debug */ = {
			isa = XCBuildConfiguration;
			buildSettings = {
				ALWAYS_SEARCH_USER_PATHS = NO;
				CLANG_ANALYZER_NONNULL = YES;
				CLANG_ANALYZER_NUMBER_OBJECT_CONVERSION = YES_AGGRESSIVE;
				CLANG_CXX_LANGUAGE_STANDARD = "gnu++14";
				CLANG_CXX_LIBRARY = "libc++";
				CLANG_ENABLE_MODULES = YES;
				CLANG_ENABLE_OBJC_ARC = YES;
				CLANG_ENABLE_OBJC_WEAK = YES;
				CLANG_WARN_BLOCK_CAPTURE_AUTORELEASING = YES;
				CLANG_WARN_BOOL_CONVERSION = YES;
				CLANG_WARN_COMMA = YES;
				CLANG_WARN_CONSTANT_CONVERSION = YES;
				CLANG_WARN_DEPRECATED_OBJC_IMPLEMENTATIONS = YES;
				CLANG_WARN_DIRECT_OBJC_ISA_USAGE = YES_ERROR;
				CLANG_WARN_DOCUMENTATION_COMMENTS = YES;
				CLANG_WARN_EMPTY_BODY = YES;
				CLANG_WARN_ENUM_CONVERSION = YES;
				CLANG_WARN_INFINITE_RECURSION = YES;
				CLANG_WARN_INT_CONVERSION = YES;
				CLANG_WARN_NON_LITERAL_NULL_CONVERSION = YES;
				CLANG_WARN_OBJC_IMPLICIT_RETAIN_SELF = YES;
				CLANG_WARN_OBJC_LITERAL_CONVERSION = YES;
				CLANG_WARN_OBJC_ROOT_CLASS = YES_ERROR;
				CLANG_WARN_QUOTED_INCLUDE_IN_FRAMEWORK_HEADER = YES;
				CLANG_WARN_RANGE_LOOP_ANALYSIS = YES;
				CLANG_WARN_STRICT_PROTOTYPES = YES;
				CLANG_WARN_SUSPICIOUS_MOVE = YES;
				CLANG_WARN_UNGUARDED_AVAILABILITY = YES_AGGRESSIVE;
				CLANG_WARN_UNREACHABLE_CODE = YES;
				CLANG_WARN__DUPLICATE_METHOD_MATCH = YES;
				COPY_PHASE_STRIP = NO;
				DEBUG_INFORMATION_FORMAT = dwarf;
				ENABLE_STRICT_OBJC_MSGSEND = YES;
				ENABLE_TESTABILITY = YES;
				GCC_C_LANGUAGE_STANDARD = gnu11;
				GCC_DYNAMIC_NO_PIC = NO;
				GCC_NO_COMMON_BLOCKS = YES;
				GCC_OPTIMIZATION_LEVEL = 0;
				GCC_PREPROCESSOR_DEFINITIONS = (
					"DEBUG=1",
					"$(inherited)",
				);
				GCC_WARN_64_TO_32_BIT_CONVERSION = YES;
				GCC_WARN_ABOUT_RETURN_TYPE = YES_ERROR;
				GCC_WARN_UNDECLARED_SELECTOR = YES;
				GCC_WARN_UNINITIALIZED_AUTOS = YES_AGGRESSIVE;
				GCC_WARN_UNUSED_FUNCTION = YES;
				GCC_WARN_UNUSED_VARIABLE = YES;
				IPHONEOS_DEPLOYMENT_TARGET = 14.5;
				MTL_ENABLE_DEBUG_INFO = INCLUDE_SOURCE;
				MTL_FAST_MATH = YES;
				ONLY_ACTIVE_ARCH = YES;
				SDKROOT = iphoneos;
				SWIFT_ACTIVE_COMPILATION_CONDITIONS = DEBUG;
				SWIFT_OPTIMIZATION_LEVEL = "-Onone";
			};
			name = Debug;
		};
		A9883DE82A9E9F1A00D6F316 /* Release */ = {
			isa = XCBuildConfiguration;
			buildSettings = {
				ALWAYS_SEARCH_USER_PATHS = NO;
				CLANG_ANALYZER_NONNULL = YES;
				CLANG_ANALYZER_NUMBER_OBJECT_CONVERSION = YES_AGGRESSIVE;
				CLANG_CXX_LANGUAGE_STANDARD = "gnu++14";
				CLANG_CXX_LIBRARY = "libc++";
				CLANG_ENABLE_MODULES = YES;
				CLANG_ENABLE_OBJC_ARC = YES;
				CLANG_ENABLE_OBJC_WEAK = YES;
				CLANG_WARN_BLOCK_CAPTURE_AUTORELEASING = YES;
				CLANG_WARN_BOOL_CONVERSION = YES;
				CLANG_WARN_COMMA = YES;
				CLANG_WARN_CONSTANT_CONVERSION = YES;
				CLANG_WARN_DEPRECATED_OBJC_IMPLEMENTATIONS = YES;
				CLANG_WARN_DIRECT_OBJC_ISA_USAGE = YES_ERROR;
				CLANG_WARN_DOCUMENTATION_COMMENTS = YES;
				CLANG_WARN_EMPTY_BODY = YES;
				CLANG_WARN_ENUM_CONVERSION = YES;
				CLANG_WARN_INFINITE_RECURSION = YES;
				CLANG_WARN_INT_CONVERSION = YES;
				CLANG_WARN_NON_LITERAL_NULL_CONVERSION = YES;
				CLANG_WARN_OBJC_IMPLICIT_RETAIN_SELF = YES;
				CLANG_WARN_OBJC_LITERAL_CONVERSION = YES;
				CLANG_WARN_OBJC_ROOT_CLASS = YES_ERROR;
				CLANG_WARN_QUOTED_INCLUDE_IN_FRAMEWORK_HEADER = YES;
				CLANG_WARN_RANGE_LOOP_ANALYSIS = YES;
				CLANG_WARN_STRICT_PROTOTYPES = YES;
				CLANG_WARN_SUSPICIOUS_MOVE = YES;
				CLANG_WARN_UNGUARDED_AVAILABILITY = YES_AGGRESSIVE;
				CLANG_WARN_UNREACHABLE_CODE = YES;
				CLANG_WARN__DUPLICATE_METHOD_MATCH = YES;
				COPY_PHASE_STRIP = NO;
				DEBUG_INFORMATION_FORMAT = "dwarf-with-dsym";
				ENABLE_NS_ASSERTIONS = NO;
				ENABLE_STRICT_OBJC_MSGSEND = YES;
				GCC_C_LANGUAGE_STANDARD = gnu11;
				GCC_NO_COMMON_BLOCKS = YES;
				GCC_WARN_64_TO_32_BIT_CONVERSION = YES;
				GCC_WARN_ABOUT_RETURN_TYPE = YES_ERROR;
				GCC_WARN_UNDECLARED_SELECTOR = YES;
				GCC_WARN_UNINITIALIZED_AUTOS = YES_AGGRESSIVE;
				GCC_WARN_UNUSED_FUNCTION = YES;
				GCC_WARN_UNUSED_VARIABLE = YES;
				IPHONEOS_DEPLOYMENT_TARGET = 14.5;
				MTL_ENABLE_DEBUG_INFO = NO;
				MTL_FAST_MATH = YES;
				SDKROOT = iphoneos;
				SWIFT_COMPILATION_MODE = wholemodule;
				SWIFT_OPTIMIZATION_LEVEL = "-O";
				VALIDATE_PRODUCT = YES;
			};
			name = Release;
		};
		A9883DEA2A9E9F1A00D6F316 /* Debug */ = {
			isa = XCBuildConfiguration;
			buildSettings = {
				ASSETCATALOG_COMPILER_APPICON_NAME = AppIcon;
				ASSETCATALOG_COMPILER_GLOBAL_ACCENT_COLOR_NAME = AccentColor;
				CODE_SIGN_STYLE = Automatic;
				DEVELOPMENT_ASSET_PATHS = "\"budget_app_prac/Preview Content\"";
				ENABLE_PREVIEWS = YES;
				INFOPLIST_FILE = budget_app_prac/Info.plist;
				IPHONEOS_DEPLOYMENT_TARGET = 14.0;
				LD_RUNPATH_SEARCH_PATHS = (
					"$(inherited)",
					"@executable_path/Frameworks",
				);
				PRODUCT_BUNDLE_IDENTIFIER = "class-362-proj.budget-app-prac";
				PRODUCT_NAME = "$(TARGET_NAME)";
				SWIFT_VERSION = 5.0;
				TARGETED_DEVICE_FAMILY = "1,2";
			};
			name = Debug;
		};
		A9883DEB2A9E9F1A00D6F316 /* Release */ = {
			isa = XCBuildConfiguration;
			buildSettings = {
				ASSETCATALOG_COMPILER_APPICON_NAME = AppIcon;
				ASSETCATALOG_COMPILER_GLOBAL_ACCENT_COLOR_NAME = AccentColor;
				CODE_SIGN_STYLE = Automatic;
				DEVELOPMENT_ASSET_PATHS = "\"budget_app_prac/Preview Content\"";
				ENABLE_PREVIEWS = YES;
				INFOPLIST_FILE = budget_app_prac/Info.plist;
				IPHONEOS_DEPLOYMENT_TARGET = 14.0;
				LD_RUNPATH_SEARCH_PATHS = (
					"$(inherited)",
					"@executable_path/Frameworks",
				);
				PRODUCT_BUNDLE_IDENTIFIER = "class-362-proj.budget-app-prac";
				PRODUCT_NAME = "$(TARGET_NAME)";
				SWIFT_VERSION = 5.0;
				TARGETED_DEVICE_FAMILY = "1,2";
			};
			name = Release;
		};
		A9883DED2A9E9F1A00D6F316 /* Debug */ = {
			isa = XCBuildConfiguration;
			buildSettings = {
				ALWAYS_EMBED_SWIFT_STANDARD_LIBRARIES = YES;
				BUNDLE_LOADER = "$(TEST_HOST)";
				CODE_SIGN_STYLE = Automatic;
				INFOPLIST_FILE = budget_app_pracTests/Info.plist;
				IPHONEOS_DEPLOYMENT_TARGET = 14.0;
				LD_RUNPATH_SEARCH_PATHS = (
					"$(inherited)",
					"@executable_path/Frameworks",
					"@loader_path/Frameworks",
				);
				PRODUCT_BUNDLE_IDENTIFIER = "class-362-proj.budget-app-pracTests";
				PRODUCT_NAME = "$(TARGET_NAME)";
				SWIFT_VERSION = 5.0;
				TARGETED_DEVICE_FAMILY = "1,2";
				TEST_HOST = "$(BUILT_PRODUCTS_DIR)/budget_app_prac.app/budget_app_prac";
			};
			name = Debug;
		};
		A9883DEE2A9E9F1A00D6F316 /* Release */ = {
			isa = XCBuildConfiguration;
			buildSettings = {
				ALWAYS_EMBED_SWIFT_STANDARD_LIBRARIES = YES;
				BUNDLE_LOADER = "$(TEST_HOST)";
				CODE_SIGN_STYLE = Automatic;
				INFOPLIST_FILE = budget_app_pracTests/Info.plist;
				IPHONEOS_DEPLOYMENT_TARGET = 14.0;
				LD_RUNPATH_SEARCH_PATHS = (
					"$(inherited)",
					"@executable_path/Frameworks",
					"@loader_path/Frameworks",
				);
				PRODUCT_BUNDLE_IDENTIFIER = "class-362-proj.budget-app-pracTests";
				PRODUCT_NAME = "$(TARGET_NAME)";
				SWIFT_VERSION = 5.0;
				TARGETED_DEVICE_FAMILY = "1,2";
				TEST_HOST = "$(BUILT_PRODUCTS_DIR)/budget_app_prac.app/budget_app_prac";
			};
			name = Release;
		};
		A9883DF02A9E9F1A00D6F316 /* Debug */ = {
			isa = XCBuildConfiguration;
			buildSettings = {
				ALWAYS_EMBED_SWIFT_STANDARD_LIBRARIES = YES;
				CODE_SIGN_STYLE = Automatic;
				INFOPLIST_FILE = budget_app_pracUITests/Info.plist;
				LD_RUNPATH_SEARCH_PATHS = (
					"$(inherited)",
					"@executable_path/Frameworks",
					"@loader_path/Frameworks",
				);
				PRODUCT_BUNDLE_IDENTIFIER = "class-362-proj.budget-app-pracUITests";
				PRODUCT_NAME = "$(TARGET_NAME)";
				SWIFT_VERSION = 5.0;
				TARGETED_DEVICE_FAMILY = "1,2";
				TEST_TARGET_NAME = budget_app_prac;
			};
			name = Debug;
		};
		A9883DF12A9E9F1A00D6F316 /* Release */ = {
			isa = XCBuildConfiguration;
			buildSettings = {
				ALWAYS_EMBED_SWIFT_STANDARD_LIBRARIES = YES;
				CODE_SIGN_STYLE = Automatic;
				INFOPLIST_FILE = budget_app_pracUITests/Info.plist;
				LD_RUNPATH_SEARCH_PATHS = (
					"$(inherited)",
					"@executable_path/Frameworks",
					"@loader_path/Frameworks",
				);
				PRODUCT_BUNDLE_IDENTIFIER = "class-362-proj.budget-app-pracUITests";
				PRODUCT_NAME = "$(TARGET_NAME)";
				SWIFT_VERSION = 5.0;
				TARGETED_DEVICE_FAMILY = "1,2";
				TEST_TARGET_NAME = budget_app_prac;
			};
			name = Release;
		};
/* End XCBuildConfiguration section */

/* Begin XCConfigurationList section */
		A9883DBF2A9E9F1800D6F316 /* Build configuration list for PBXProject "budget_app_prac" */ = {
			isa = XCConfigurationList;
			buildConfigurations = (
				A9883DE72A9E9F1A00D6F316 /* Debug */,
				A9883DE82A9E9F1A00D6F316 /* Release */,
			);
			defaultConfigurationIsVisible = 0;
			defaultConfigurationName = Release;
		};
		A9883DE92A9E9F1A00D6F316 /* Build configuration list for PBXNativeTarget "budget_app_prac" */ = {
			isa = XCConfigurationList;
			buildConfigurations = (
				A9883DEA2A9E9F1A00D6F316 /* Debug */,
				A9883DEB2A9E9F1A00D6F316 /* Release */,
			);
			defaultConfigurationIsVisible = 0;
			defaultConfigurationName = Release;
		};
		A9883DEC2A9E9F1A00D6F316 /* Build configuration list for PBXNativeTarget "budget_app_pracTests" */ = {
			isa = XCConfigurationList;
			buildConfigurations = (
				A9883DED2A9E9F1A00D6F316 /* Debug */,
				A9883DEE2A9E9F1A00D6F316 /* Release */,
			);
			defaultConfigurationIsVisible = 0;
			defaultConfigurationName = Release;
		};
		A9883DEF2A9E9F1A00D6F316 /* Build configuration list for PBXNativeTarget "budget_app_pracUITests" */ = {
			isa = XCConfigurationList;
			buildConfigurations = (
				A9883DF02A9E9F1A00D6F316 /* Debug */,
				A9883DF12A9E9F1A00D6F316 /* Release */,
			);
			defaultConfigurationIsVisible = 0;
			defaultConfigurationName = Release;
		};
/* End XCConfigurationList section */
	};
	rootObject = A9883DBC2A9E9F1800D6F316 /* Project object */;
}
