// !$*UTF8*$!
{
	archiveVersion = 1;
	classes = {
	};
	objectVersion = 56;
	objects = {

/* Begin PBXBuildFile section */
		9E5309552AB540A40093F23C /* Buddy_Buddy_1_0App.swift in Sources */ = {isa = PBXBuildFile; fileRef = 9E5309542AB540A40093F23C /* Buddy_Buddy_1_0App.swift */; };
		9E5309572AB540A40093F23C /* ContentView.swift in Sources */ = {isa = PBXBuildFile; fileRef = 9E5309562AB540A40093F23C /* ContentView.swift */; };
		9E5309592AB540A60093F23C /* Assets.xcassets in Resources */ = {isa = PBXBuildFile; fileRef = 9E5309582AB540A60093F23C /* Assets.xcassets */; };
		9E53095C2AB540A60093F23C /* Preview Assets.xcassets in Resources */ = {isa = PBXBuildFile; fileRef = 9E53095B2AB540A60093F23C /* Preview Assets.xcassets */; };
		9E5309662AB540A60093F23C /* Buddy_Buddy_1_0Tests.swift in Sources */ = {isa = PBXBuildFile; fileRef = 9E5309652AB540A60093F23C /* Buddy_Buddy_1_0Tests.swift */; };
		9E5309702AB540A60093F23C /* Buddy_Buddy_1_0UITests.swift in Sources */ = {isa = PBXBuildFile; fileRef = 9E53096F2AB540A60093F23C /* Buddy_Buddy_1_0UITests.swift */; };
		9E5309722AB540A60093F23C /* Buddy_Buddy_1_0UITestsLaunchTests.swift in Sources */ = {isa = PBXBuildFile; fileRef = 9E5309712AB540A60093F23C /* Buddy_Buddy_1_0UITestsLaunchTests.swift */; };
		9E53097F2AB542640093F23C /* BudgetTracker.swift in Sources */ = {isa = PBXBuildFile; fileRef = 9E53097E2AB542640093F23C /* BudgetTracker.swift */; };
		9E5309812AB542D40093F23C /* addTransactionView.swift in Sources */ = {isa = PBXBuildFile; fileRef = 9E5309802AB542D40093F23C /* addTransactionView.swift */; };
		9E5309832AB543150093F23C /* transactionHistoryView.swift in Sources */ = {isa = PBXBuildFile; fileRef = 9E5309822AB543150093F23C /* transactionHistoryView.swift */; };
/* End PBXBuildFile section */

/* Begin PBXContainerItemProxy section */
		9E5309622AB540A60093F23C /* PBXContainerItemProxy */ = {
			isa = PBXContainerItemProxy;
			containerPortal = 9E5309492AB540A40093F23C /* Project object */;
			proxyType = 1;
			remoteGlobalIDString = 9E5309502AB540A40093F23C;
			remoteInfo = "Buddy Buddy 1.0";
		};
		9E53096C2AB540A60093F23C /* PBXContainerItemProxy */ = {
			isa = PBXContainerItemProxy;
			containerPortal = 9E5309492AB540A40093F23C /* Project object */;
			proxyType = 1;
			remoteGlobalIDString = 9E5309502AB540A40093F23C;
			remoteInfo = "Buddy Buddy 1.0";
		};
/* End PBXContainerItemProxy section */

/* Begin PBXFileReference section */
		9E5309512AB540A40093F23C /* Buddy Buddy 1.0.app */ = {isa = PBXFileReference; explicitFileType = wrapper.application; includeInIndex = 0; path = "Buddy Buddy 1.0.app"; sourceTree = BUILT_PRODUCTS_DIR; };
		9E5309542AB540A40093F23C /* Buddy_Buddy_1_0App.swift */ = {isa = PBXFileReference; lastKnownFileType = sourcecode.swift; path = Buddy_Buddy_1_0App.swift; sourceTree = "<group>"; };
		9E5309562AB540A40093F23C /* ContentView.swift */ = {isa = PBXFileReference; lastKnownFileType = sourcecode.swift; path = ContentView.swift; sourceTree = "<group>"; };
		9E5309582AB540A60093F23C /* Assets.xcassets */ = {isa = PBXFileReference; lastKnownFileType = folder.assetcatalog; path = Assets.xcassets; sourceTree = "<group>"; };
		9E53095B2AB540A60093F23C /* Preview Assets.xcassets */ = {isa = PBXFileReference; lastKnownFileType = folder.assetcatalog; path = "Preview Assets.xcassets"; sourceTree = "<group>"; };
		9E5309612AB540A60093F23C /* Buddy Buddy 1.0Tests.xctest */ = {isa = PBXFileReference; explicitFileType = wrapper.cfbundle; includeInIndex = 0; path = "Buddy Buddy 1.0Tests.xctest"; sourceTree = BUILT_PRODUCTS_DIR; };
		9E5309652AB540A60093F23C /* Buddy_Buddy_1_0Tests.swift */ = {isa = PBXFileReference; lastKnownFileType = sourcecode.swift; path = Buddy_Buddy_1_0Tests.swift; sourceTree = "<group>"; };
		9E53096B2AB540A60093F23C /* Buddy Buddy 1.0UITests.xctest */ = {isa = PBXFileReference; explicitFileType = wrapper.cfbundle; includeInIndex = 0; path = "Buddy Buddy 1.0UITests.xctest"; sourceTree = BUILT_PRODUCTS_DIR; };
		9E53096F2AB540A60093F23C /* Buddy_Buddy_1_0UITests.swift */ = {isa = PBXFileReference; lastKnownFileType = sourcecode.swift; path = Buddy_Buddy_1_0UITests.swift; sourceTree = "<group>"; };
		9E5309712AB540A60093F23C /* Buddy_Buddy_1_0UITestsLaunchTests.swift */ = {isa = PBXFileReference; lastKnownFileType = sourcecode.swift; path = Buddy_Buddy_1_0UITestsLaunchTests.swift; sourceTree = "<group>"; };
		9E53097E2AB542640093F23C /* BudgetTracker.swift */ = {isa = PBXFileReference; lastKnownFileType = sourcecode.swift; path = BudgetTracker.swift; sourceTree = "<group>"; };
		9E5309802AB542D40093F23C /* addTransactionView.swift */ = {isa = PBXFileReference; lastKnownFileType = sourcecode.swift; path = addTransactionView.swift; sourceTree = "<group>"; };
		9E5309822AB543150093F23C /* transactionHistoryView.swift */ = {isa = PBXFileReference; lastKnownFileType = sourcecode.swift; path = transactionHistoryView.swift; sourceTree = "<group>"; };
/* End PBXFileReference section */

/* Begin PBXFrameworksBuildPhase section */
		9E53094E2AB540A40093F23C /* Frameworks */ = {
			isa = PBXFrameworksBuildPhase;
			buildActionMask = 2147483647;
			files = (
			);
			runOnlyForDeploymentPostprocessing = 0;
		};
		9E53095E2AB540A60093F23C /* Frameworks */ = {
			isa = PBXFrameworksBuildPhase;
			buildActionMask = 2147483647;
			files = (
			);
			runOnlyForDeploymentPostprocessing = 0;
		};
		9E5309682AB540A60093F23C /* Frameworks */ = {
			isa = PBXFrameworksBuildPhase;
			buildActionMask = 2147483647;
			files = (
			);
			runOnlyForDeploymentPostprocessing = 0;
		};
/* End PBXFrameworksBuildPhase section */

/* Begin PBXGroup section */
		9E5309482AB540A40093F23C = {
			isa = PBXGroup;
			children = (
				9E5309532AB540A40093F23C /* Buddy Buddy 1.0 */,
				9E5309642AB540A60093F23C /* Buddy Buddy 1.0Tests */,
				9E53096E2AB540A60093F23C /* Buddy Buddy 1.0UITests */,
				9E5309522AB540A40093F23C /* Products */,
			);
			sourceTree = "<group>";
		};
		9E5309522AB540A40093F23C /* Products */ = {
			isa = PBXGroup;
			children = (
				9E5309512AB540A40093F23C /* Buddy Buddy 1.0.app */,
				9E5309612AB540A60093F23C /* Buddy Buddy 1.0Tests.xctest */,
				9E53096B2AB540A60093F23C /* Buddy Buddy 1.0UITests.xctest */,
			);
			name = Products;
			sourceTree = "<group>";
		};
		9E5309532AB540A40093F23C /* Buddy Buddy 1.0 */ = {
			isa = PBXGroup;
			children = (
				9E5309542AB540A40093F23C /* Buddy_Buddy_1_0App.swift */,
				9E53097E2AB542640093F23C /* BudgetTracker.swift */,
				9E5309802AB542D40093F23C /* addTransactionView.swift */,
				9E5309822AB543150093F23C /* transactionHistoryView.swift */,
				9E5309562AB540A40093F23C /* ContentView.swift */,
				9E5309582AB540A60093F23C /* Assets.xcassets */,
				9E53095A2AB540A60093F23C /* Preview Content */,
			);
			path = "Buddy Buddy 1.0";
			sourceTree = "<group>";
		};
		9E53095A2AB540A60093F23C /* Preview Content */ = {
			isa = PBXGroup;
			children = (
				9E53095B2AB540A60093F23C /* Preview Assets.xcassets */,
			);
			path = "Preview Content";
			sourceTree = "<group>";
		};
		9E5309642AB540A60093F23C /* Buddy Buddy 1.0Tests */ = {
			isa = PBXGroup;
			children = (
				9E5309652AB540A60093F23C /* Buddy_Buddy_1_0Tests.swift */,
			);
			path = "Buddy Buddy 1.0Tests";
			sourceTree = "<group>";
		};
		9E53096E2AB540A60093F23C /* Buddy Buddy 1.0UITests */ = {
			isa = PBXGroup;
			children = (
				9E53096F2AB540A60093F23C /* Buddy_Buddy_1_0UITests.swift */,
				9E5309712AB540A60093F23C /* Buddy_Buddy_1_0UITestsLaunchTests.swift */,
			);
			path = "Buddy Buddy 1.0UITests";
			sourceTree = "<group>";
		};
/* End PBXGroup section */

/* Begin PBXNativeTarget section */
		9E5309502AB540A40093F23C /* Buddy Buddy 1.0 */ = {
			isa = PBXNativeTarget;
			buildConfigurationList = 9E5309752AB540A70093F23C /* Build configuration list for PBXNativeTarget "Buddy Buddy 1.0" */;
			buildPhases = (
				9E53094D2AB540A40093F23C /* Sources */,
				9E53094E2AB540A40093F23C /* Frameworks */,
				9E53094F2AB540A40093F23C /* Resources */,
			);
			buildRules = (
			);
			dependencies = (
			);
			name = "Buddy Buddy 1.0";
			productName = "Buddy Buddy 1.0";
			productReference = 9E5309512AB540A40093F23C /* Buddy Buddy 1.0.app */;
			productType = "com.apple.product-type.application";
		};
		9E5309602AB540A60093F23C /* Buddy Buddy 1.0Tests */ = {
			isa = PBXNativeTarget;
			buildConfigurationList = 9E5309782AB540A70093F23C /* Build configuration list for PBXNativeTarget "Buddy Buddy 1.0Tests" */;
			buildPhases = (
				9E53095D2AB540A60093F23C /* Sources */,
				9E53095E2AB540A60093F23C /* Frameworks */,
				9E53095F2AB540A60093F23C /* Resources */,
			);
			buildRules = (
			);
			dependencies = (
				9E5309632AB540A60093F23C /* PBXTargetDependency */,
			);
			name = "Buddy Buddy 1.0Tests";
			productName = "Buddy Buddy 1.0Tests";
			productReference = 9E5309612AB540A60093F23C /* Buddy Buddy 1.0Tests.xctest */;
			productType = "com.apple.product-type.bundle.unit-test";
		};
		9E53096A2AB540A60093F23C /* Buddy Buddy 1.0UITests */ = {
			isa = PBXNativeTarget;
			buildConfigurationList = 9E53097B2AB540A70093F23C /* Build configuration list for PBXNativeTarget "Buddy Buddy 1.0UITests" */;
			buildPhases = (
				9E5309672AB540A60093F23C /* Sources */,
				9E5309682AB540A60093F23C /* Frameworks */,
				9E5309692AB540A60093F23C /* Resources */,
			);
			buildRules = (
			);
			dependencies = (
				9E53096D2AB540A60093F23C /* PBXTargetDependency */,
			);
			name = "Buddy Buddy 1.0UITests";
			productName = "Buddy Buddy 1.0UITests";
			productReference = 9E53096B2AB540A60093F23C /* Buddy Buddy 1.0UITests.xctest */;
			productType = "com.apple.product-type.bundle.ui-testing";
		};
/* End PBXNativeTarget section */

/* Begin PBXProject section */
		9E5309492AB540A40093F23C /* Project object */ = {
			isa = PBXProject;
			attributes = {
				BuildIndependentTargetsInParallel = 1;
				LastSwiftUpdateCheck = 1430;
				LastUpgradeCheck = 1430;
				TargetAttributes = {
					9E5309502AB540A40093F23C = {
						CreatedOnToolsVersion = 14.3.1;
					};
					9E5309602AB540A60093F23C = {
						CreatedOnToolsVersion = 14.3.1;
						TestTargetID = 9E5309502AB540A40093F23C;
					};
					9E53096A2AB540A60093F23C = {
						CreatedOnToolsVersion = 14.3.1;
						TestTargetID = 9E5309502AB540A40093F23C;
					};
				};
			};
			buildConfigurationList = 9E53094C2AB540A40093F23C /* Build configuration list for PBXProject "Buddy Buddy 1.0" */;
			compatibilityVersion = "Xcode 14.0";
			developmentRegion = en;
			hasScannedForEncodings = 0;
			knownRegions = (
				en,
				Base,
			);
			mainGroup = 9E5309482AB540A40093F23C;
			productRefGroup = 9E5309522AB540A40093F23C /* Products */;
			projectDirPath = "";
			projectRoot = "";
			targets = (
				9E5309502AB540A40093F23C /* Buddy Buddy 1.0 */,
				9E5309602AB540A60093F23C /* Buddy Buddy 1.0Tests */,
				9E53096A2AB540A60093F23C /* Buddy Buddy 1.0UITests */,
			);
		};
/* End PBXProject section */

/* Begin PBXResourcesBuildPhase section */
		9E53094F2AB540A40093F23C /* Resources */ = {
			isa = PBXResourcesBuildPhase;
			buildActionMask = 2147483647;
			files = (
				9E53095C2AB540A60093F23C /* Preview Assets.xcassets in Resources */,
				9E5309592AB540A60093F23C /* Assets.xcassets in Resources */,
			);
			runOnlyForDeploymentPostprocessing = 0;
		};
		9E53095F2AB540A60093F23C /* Resources */ = {
			isa = PBXResourcesBuildPhase;
			buildActionMask = 2147483647;
			files = (
			);
			runOnlyForDeploymentPostprocessing = 0;
		};
		9E5309692AB540A60093F23C /* Resources */ = {
			isa = PBXResourcesBuildPhase;
			buildActionMask = 2147483647;
			files = (
			);
			runOnlyForDeploymentPostprocessing = 0;
		};
/* End PBXResourcesBuildPhase section */

/* Begin PBXSourcesBuildPhase section */
		9E53094D2AB540A40093F23C /* Sources */ = {
			isa = PBXSourcesBuildPhase;
			buildActionMask = 2147483647;
			files = (
				9E5309832AB543150093F23C /* transactionHistoryView.swift in Sources */,
				9E53097F2AB542640093F23C /* BudgetTracker.swift in Sources */,
				9E5309812AB542D40093F23C /* addTransactionView.swift in Sources */,
				9E5309572AB540A40093F23C /* ContentView.swift in Sources */,
				9E5309552AB540A40093F23C /* Buddy_Buddy_1_0App.swift in Sources */,
			);
			runOnlyForDeploymentPostprocessing = 0;
		};
		9E53095D2AB540A60093F23C /* Sources */ = {
			isa = PBXSourcesBuildPhase;
			buildActionMask = 2147483647;
			files = (
				9E5309662AB540A60093F23C /* Buddy_Buddy_1_0Tests.swift in Sources */,
			);
			runOnlyForDeploymentPostprocessing = 0;
		};
		9E5309672AB540A60093F23C /* Sources */ = {
			isa = PBXSourcesBuildPhase;
			buildActionMask = 2147483647;
			files = (
				9E5309702AB540A60093F23C /* Buddy_Buddy_1_0UITests.swift in Sources */,
				9E5309722AB540A60093F23C /* Buddy_Buddy_1_0UITestsLaunchTests.swift in Sources */,
			);
			runOnlyForDeploymentPostprocessing = 0;
		};
/* End PBXSourcesBuildPhase section */

/* Begin PBXTargetDependency section */
		9E5309632AB540A60093F23C /* PBXTargetDependency */ = {
			isa = PBXTargetDependency;
			target = 9E5309502AB540A40093F23C /* Buddy Buddy 1.0 */;
			targetProxy = 9E5309622AB540A60093F23C /* PBXContainerItemProxy */;
		};
		9E53096D2AB540A60093F23C /* PBXTargetDependency */ = {
			isa = PBXTargetDependency;
			target = 9E5309502AB540A40093F23C /* Buddy Buddy 1.0 */;
			targetProxy = 9E53096C2AB540A60093F23C /* PBXContainerItemProxy */;
		};
/* End PBXTargetDependency section */

/* Begin XCBuildConfiguration section */
		9E5309732AB540A60093F23C /* Debug */ = {
			isa = XCBuildConfiguration;
			buildSettings = {
				ALWAYS_SEARCH_USER_PATHS = NO;
				CLANG_ANALYZER_NONNULL = YES;
				CLANG_ANALYZER_NUMBER_OBJECT_CONVERSION = YES_AGGRESSIVE;
				CLANG_CXX_LANGUAGE_STANDARD = "gnu++20";
				CLANG_ENABLE_MODULES = YES;
				CLANG_ENABLE_OBJC_ARC = YES;
				CLANG_ENABLE_OBJC_WEAK = YES;
				CLANG_WARN_BLOCK_CAPTURE_AUTORELEASING = YES;
				CLANG_WARN_BOOL_CONVERSION = YES;
				CLANG_WARN_COMMA = YES;
				CLANG_WARN_CONSTANT_CONVERSION = YES;
				CLANG_WARN_DEPRECATED_OBJC_IMPLEMENTATIONS = YES;
				CLANG_WARN_DIRECT_OBJC_ISA_USAGE = YES_ERROR;
				CLANG_WARN_DOCUMENTATION_COMMENTS = YES;
				CLANG_WARN_EMPTY_BODY = YES;
				CLANG_WARN_ENUM_CONVERSION = YES;
				CLANG_WARN_INFINITE_RECURSION = YES;
				CLANG_WARN_INT_CONVERSION = YES;
				CLANG_WARN_NON_LITERAL_NULL_CONVERSION = YES;
				CLANG_WARN_OBJC_IMPLICIT_RETAIN_SELF = YES;
				CLANG_WARN_OBJC_LITERAL_CONVERSION = YES;
				CLANG_WARN_OBJC_ROOT_CLASS = YES_ERROR;
				CLANG_WARN_QUOTED_INCLUDE_IN_FRAMEWORK_HEADER = YES;
				CLANG_WARN_RANGE_LOOP_ANALYSIS = YES;
				CLANG_WARN_STRICT_PROTOTYPES = YES;
				CLANG_WARN_SUSPICIOUS_MOVE = YES;
				CLANG_WARN_UNGUARDED_AVAILABILITY = YES_AGGRESSIVE;
				CLANG_WARN_UNREACHABLE_CODE = YES;
				CLANG_WARN__DUPLICATE_METHOD_MATCH = YES;
				COPY_PHASE_STRIP = NO;
				DEBUG_INFORMATION_FORMAT = dwarf;
				ENABLE_STRICT_OBJC_MSGSEND = YES;
				ENABLE_TESTABILITY = YES;
				GCC_C_LANGUAGE_STANDARD = gnu11;
				GCC_DYNAMIC_NO_PIC = NO;
				GCC_NO_COMMON_BLOCKS = YES;
				GCC_OPTIMIZATION_LEVEL = 0;
				GCC_PREPROCESSOR_DEFINITIONS = (
					"DEBUG=1",
					"$(inherited)",
				);
				GCC_WARN_64_TO_32_BIT_CONVERSION = YES;
				GCC_WARN_ABOUT_RETURN_TYPE = YES_ERROR;
				GCC_WARN_UNDECLARED_SELECTOR = YES;
				GCC_WARN_UNINITIALIZED_AUTOS = YES_AGGRESSIVE;
				GCC_WARN_UNUSED_FUNCTION = YES;
				GCC_WARN_UNUSED_VARIABLE = YES;
				IPHONEOS_DEPLOYMENT_TARGET = 16.4;
				MTL_ENABLE_DEBUG_INFO = INCLUDE_SOURCE;
				MTL_FAST_MATH = YES;
				ONLY_ACTIVE_ARCH = YES;
				SDKROOT = iphoneos;
				SWIFT_ACTIVE_COMPILATION_CONDITIONS = DEBUG;
				SWIFT_OPTIMIZATION_LEVEL = "-Onone";
			};
			name = Debug;
		};
		9E5309742AB540A60093F23C /* Release */ = {
			isa = XCBuildConfiguration;
			buildSettings = {
				ALWAYS_SEARCH_USER_PATHS = NO;
				CLANG_ANALYZER_NONNULL = YES;
				CLANG_ANALYZER_NUMBER_OBJECT_CONVERSION = YES_AGGRESSIVE;
				CLANG_CXX_LANGUAGE_STANDARD = "gnu++20";
				CLANG_ENABLE_MODULES = YES;
				CLANG_ENABLE_OBJC_ARC = YES;
				CLANG_ENABLE_OBJC_WEAK = YES;
				CLANG_WARN_BLOCK_CAPTURE_AUTORELEASING = YES;
				CLANG_WARN_BOOL_CONVERSION = YES;
				CLANG_WARN_COMMA = YES;
				CLANG_WARN_CONSTANT_CONVERSION = YES;
				CLANG_WARN_DEPRECATED_OBJC_IMPLEMENTATIONS = YES;
				CLANG_WARN_DIRECT_OBJC_ISA_USAGE = YES_ERROR;
				CLANG_WARN_DOCUMENTATION_COMMENTS = YES;
				CLANG_WARN_EMPTY_BODY = YES;
				CLANG_WARN_ENUM_CONVERSION = YES;
				CLANG_WARN_INFINITE_RECURSION = YES;
				CLANG_WARN_INT_CONVERSION = YES;
				CLANG_WARN_NON_LITERAL_NULL_CONVERSION = YES;
				CLANG_WARN_OBJC_IMPLICIT_RETAIN_SELF = YES;
				CLANG_WARN_OBJC_LITERAL_CONVERSION = YES;
				CLANG_WARN_OBJC_ROOT_CLASS = YES_ERROR;
				CLANG_WARN_QUOTED_INCLUDE_IN_FRAMEWORK_HEADER = YES;
				CLANG_WARN_RANGE_LOOP_ANALYSIS = YES;
				CLANG_WARN_STRICT_PROTOTYPES = YES;
				CLANG_WARN_SUSPICIOUS_MOVE = YES;
				CLANG_WARN_UNGUARDED_AVAILABILITY = YES_AGGRESSIVE;
				CLANG_WARN_UNREACHABLE_CODE = YES;
				CLANG_WARN__DUPLICATE_METHOD_MATCH = YES;
				COPY_PHASE_STRIP = NO;
				DEBUG_INFORMATION_FORMAT = "dwarf-with-dsym";
				ENABLE_NS_ASSERTIONS = NO;
				ENABLE_STRICT_OBJC_MSGSEND = YES;
				GCC_C_LANGUAGE_STANDARD = gnu11;
				GCC_NO_COMMON_BLOCKS = YES;
				GCC_WARN_64_TO_32_BIT_CONVERSION = YES;
				GCC_WARN_ABOUT_RETURN_TYPE = YES_ERROR;
				GCC_WARN_UNDECLARED_SELECTOR = YES;
				GCC_WARN_UNINITIALIZED_AUTOS = YES_AGGRESSIVE;
				GCC_WARN_UNUSED_FUNCTION = YES;
				GCC_WARN_UNUSED_VARIABLE = YES;
				IPHONEOS_DEPLOYMENT_TARGET = 16.4;
				MTL_ENABLE_DEBUG_INFO = NO;
				MTL_FAST_MATH = YES;
				SDKROOT = iphoneos;
				SWIFT_COMPILATION_MODE = wholemodule;
				SWIFT_OPTIMIZATION_LEVEL = "-O";
				VALIDATE_PRODUCT = YES;
			};
			name = Release;
		};
		9E5309762AB540A70093F23C /* Debug */ = {
			isa = XCBuildConfiguration;
			buildSettings = {
				ASSETCATALOG_COMPILER_APPICON_NAME = AppIcon;
				ASSETCATALOG_COMPILER_GLOBAL_ACCENT_COLOR_NAME = AccentColor;
				CODE_SIGN_STYLE = Automatic;
				CURRENT_PROJECT_VERSION = 1;
				DEVELOPMENT_ASSET_PATHS = "\"Buddy Buddy 1.0/Preview Content\"";
				ENABLE_PREVIEWS = YES;
				GENERATE_INFOPLIST_FILE = YES;
				INFOPLIST_KEY_UIApplicationSceneManifest_Generation = YES;
				INFOPLIST_KEY_UIApplicationSupportsIndirectInputEvents = YES;
				INFOPLIST_KEY_UILaunchScreen_Generation = YES;
				INFOPLIST_KEY_UISupportedInterfaceOrientations_iPad = "UIInterfaceOrientationPortrait UIInterfaceOrientationPortraitUpsideDown UIInterfaceOrientationLandscapeLeft UIInterfaceOrientationLandscapeRight";
				INFOPLIST_KEY_UISupportedInterfaceOrientations_iPhone = "UIInterfaceOrientationPortrait UIInterfaceOrientationLandscapeLeft UIInterfaceOrientationLandscapeRight";
				LD_RUNPATH_SEARCH_PATHS = (
					"$(inherited)",
					"@executable_path/Frameworks",
				);
				MARKETING_VERSION = 1.0;
				PRODUCT_BUNDLE_IDENTIFIER = "CPSC-362.Buddy-Buddy-1-0";
				PRODUCT_NAME = "$(TARGET_NAME)";
				SWIFT_EMIT_LOC_STRINGS = YES;
				SWIFT_VERSION = 5.0;
				TARGETED_DEVICE_FAMILY = "1,2";
			};
			name = Debug;
		};
		9E5309772AB540A70093F23C /* Release */ = {
			isa = XCBuildConfiguration;
			buildSettings = {
				ASSETCATALOG_COMPILER_APPICON_NAME = AppIcon;
				ASSETCATALOG_COMPILER_GLOBAL_ACCENT_COLOR_NAME = AccentColor;
				CODE_SIGN_STYLE = Automatic;
				CURRENT_PROJECT_VERSION = 1;
				DEVELOPMENT_ASSET_PATHS = "\"Buddy Buddy 1.0/Preview Content\"";
				ENABLE_PREVIEWS = YES;
				GENERATE_INFOPLIST_FILE = YES;
				INFOPLIST_KEY_UIApplicationSceneManifest_Generation = YES;
				INFOPLIST_KEY_UIApplicationSupportsIndirectInputEvents = YES;
				INFOPLIST_KEY_UILaunchScreen_Generation = YES;
				INFOPLIST_KEY_UISupportedInterfaceOrientations_iPad = "UIInterfaceOrientationPortrait UIInterfaceOrientationPortraitUpsideDown UIInterfaceOrientationLandscapeLeft UIInterfaceOrientationLandscapeRight";
				INFOPLIST_KEY_UISupportedInterfaceOrientations_iPhone = "UIInterfaceOrientationPortrait UIInterfaceOrientationLandscapeLeft UIInterfaceOrientationLandscapeRight";
				LD_RUNPATH_SEARCH_PATHS = (
					"$(inherited)",
					"@executable_path/Frameworks",
				);
				MARKETING_VERSION = 1.0;
				PRODUCT_BUNDLE_IDENTIFIER = "CPSC-362.Buddy-Buddy-1-0";
				PRODUCT_NAME = "$(TARGET_NAME)";
				SWIFT_EMIT_LOC_STRINGS = YES;
				SWIFT_VERSION = 5.0;
				TARGETED_DEVICE_FAMILY = "1,2";
			};
			name = Release;
		};
		9E5309792AB540A70093F23C /* Debug */ = {
			isa = XCBuildConfiguration;
			buildSettings = {
				ALWAYS_EMBED_SWIFT_STANDARD_LIBRARIES = YES;
				BUNDLE_LOADER = "$(TEST_HOST)";
				CODE_SIGN_STYLE = Automatic;
				CURRENT_PROJECT_VERSION = 1;
				GENERATE_INFOPLIST_FILE = YES;
				IPHONEOS_DEPLOYMENT_TARGET = 16.4;
				MARKETING_VERSION = 1.0;
				PRODUCT_BUNDLE_IDENTIFIER = "CPSC-362.Buddy-Buddy-1-0Tests";
				PRODUCT_NAME = "$(TARGET_NAME)";
				SWIFT_EMIT_LOC_STRINGS = NO;
				SWIFT_VERSION = 5.0;
				TARGETED_DEVICE_FAMILY = "1,2";
				TEST_HOST = "$(BUILT_PRODUCTS_DIR)/Buddy Buddy 1.0.app/$(BUNDLE_EXECUTABLE_FOLDER_PATH)/Buddy Buddy 1.0";
			};
			name = Debug;
		};
		9E53097A2AB540A70093F23C /* Release */ = {
			isa = XCBuildConfiguration;
			buildSettings = {
				ALWAYS_EMBED_SWIFT_STANDARD_LIBRARIES = YES;
				BUNDLE_LOADER = "$(TEST_HOST)";
				CODE_SIGN_STYLE = Automatic;
				CURRENT_PROJECT_VERSION = 1;
				GENERATE_INFOPLIST_FILE = YES;
				IPHONEOS_DEPLOYMENT_TARGET = 16.4;
				MARKETING_VERSION = 1.0;
				PRODUCT_BUNDLE_IDENTIFIER = "CPSC-362.Buddy-Buddy-1-0Tests";
				PRODUCT_NAME = "$(TARGET_NAME)";
				SWIFT_EMIT_LOC_STRINGS = NO;
				SWIFT_VERSION = 5.0;
				TARGETED_DEVICE_FAMILY = "1,2";
				TEST_HOST = "$(BUILT_PRODUCTS_DIR)/Buddy Buddy 1.0.app/$(BUNDLE_EXECUTABLE_FOLDER_PATH)/Buddy Buddy 1.0";
			};
			name = Release;
		};
		9E53097C2AB540A70093F23C /* Debug */ = {
			isa = XCBuildConfiguration;
			buildSettings = {
				ALWAYS_EMBED_SWIFT_STANDARD_LIBRARIES = YES;
				CODE_SIGN_STYLE = Automatic;
				CURRENT_PROJECT_VERSION = 1;
				GENERATE_INFOPLIST_FILE = YES;
				MARKETING_VERSION = 1.0;
				PRODUCT_BUNDLE_IDENTIFIER = "CPSC-362.Buddy-Buddy-1-0UITests";
				PRODUCT_NAME = "$(TARGET_NAME)";
				SWIFT_EMIT_LOC_STRINGS = NO;
				SWIFT_VERSION = 5.0;
				TARGETED_DEVICE_FAMILY = "1,2";
				TEST_TARGET_NAME = "Buddy Buddy 1.0";
			};
			name = Debug;
		};
		9E53097D2AB540A70093F23C /* Release */ = {
			isa = XCBuildConfiguration;
			buildSettings = {
				ALWAYS_EMBED_SWIFT_STANDARD_LIBRARIES = YES;
				CODE_SIGN_STYLE = Automatic;
				CURRENT_PROJECT_VERSION = 1;
				GENERATE_INFOPLIST_FILE = YES;
				MARKETING_VERSION = 1.0;
				PRODUCT_BUNDLE_IDENTIFIER = "CPSC-362.Buddy-Buddy-1-0UITests";
				PRODUCT_NAME = "$(TARGET_NAME)";
				SWIFT_EMIT_LOC_STRINGS = NO;
				SWIFT_VERSION = 5.0;
				TARGETED_DEVICE_FAMILY = "1,2";
				TEST_TARGET_NAME = "Buddy Buddy 1.0";
			};
			name = Release;
		};
/* End XCBuildConfiguration section */

/* Begin XCConfigurationList section */
		9E53094C2AB540A40093F23C /* Build configuration list for PBXProject "Buddy Buddy 1.0" */ = {
			isa = XCConfigurationList;
			buildConfigurations = (
				9E5309732AB540A60093F23C /* Debug */,
				9E5309742AB540A60093F23C /* Release */,
			);
			defaultConfigurationIsVisible = 0;
			defaultConfigurationName = Release;
		};
		9E5309752AB540A70093F23C /* Build configuration list for PBXNativeTarget "Buddy Buddy 1.0" */ = {
			isa = XCConfigurationList;
			buildConfigurations = (
				9E5309762AB540A70093F23C /* Debug */,
				9E5309772AB540A70093F23C /* Release */,
			);
			defaultConfigurationIsVisible = 0;
			defaultConfigurationName = Release;
		};
		9E5309782AB540A70093F23C /* Build configuration list for PBXNativeTarget "Buddy Buddy 1.0Tests" */ = {
			isa = XCConfigurationList;
			buildConfigurations = (
				9E5309792AB540A70093F23C /* Debug */,
				9E53097A2AB540A70093F23C /* Release */,
			);
			defaultConfigurationIsVisible = 0;
			defaultConfigurationName = Release;
		};
		9E53097B2AB540A70093F23C /* Build configuration list for PBXNativeTarget "Buddy Buddy 1.0UITests" */ = {
			isa = XCConfigurationList;
			buildConfigurations = (
				9E53097C2AB540A70093F23C /* Debug */,
				9E53097D2AB540A70093F23C /* Release */,
			);
			defaultConfigurationIsVisible = 0;
			defaultConfigurationName = Release;
		};
/* End XCConfigurationList section */
	};
	rootObject = 9E5309492AB540A40093F23C /* Project object */;
}
